
Microsoft Visual Studio Solution File, Format Version 12.00
# Visual Studio 14
VisualStudioVersion = 14.0.25420.1
MinimumVisualStudioVersion = 10.0.40219.1
Project("{FAE04EC0-301F-11D3-BF4B-00C04F79EFBC}") = "DotEnvFile", "DotEnvFile\DotEnvFile.csproj", "{80DE0307-CCC6-401C-BB4E-5D4BFD9F2C10}"
EndProject
Project("{FAE04EC0-301F-11D3-BF4B-00C04F79EFBC}") = "DotEnvFile.Tests", "DotEnvFile.Tests\DotEnvFile.Tests.csproj", "{D33F7835-B787-40BB-8E67-4315D3A865FD}"
EndProject
Global
	GlobalSection(SolutionConfigurationPlatforms) = preSolution
		Debug|Any CPU = Debug|Any CPU
		Release|Any CPU = Release|Any CPU
	EndGlobalSection
	GlobalSection(ProjectConfigurationPlatforms) = postSolution
		{80DE0307-CCC6-401C-BB4E-5D4BFD9F2C10}.Debug|Any CPU.ActiveCfg = Debug|Any CPU
		{80DE0307-CCC6-401C-BB4E-5D4BFD9F2C10}.Debug|Any CPU.Build.0 = Debug|Any CPU
		{80DE0307-CCC6-401C-BB4E-5D4BFD9F2C10}.Release|Any CPU.ActiveCfg = Release|Any CPU
		{80DE0307-CCC6-401C-BB4E-5D4BFD9F2C10}.Release|Any CPU.Build.0 = Release|Any CPU
		{D33F7835-B787-40BB-8E67-4315D3A865FD}.Debug|Any CPU.ActiveCfg = Debug|Any CPU
		{D33F7835-B787-40BB-8E67-4315D3A865FD}.Debug|Any CPU.Build.0 = Debug|Any CPU
		{D33F7835-B787-40BB-8E67-4315D3A865FD}.Release|Any CPU.ActiveCfg = Release|Any CPU
		{D33F7835-B787-40BB-8E67-4315D3A865FD}.Release|Any CPU.Build.0 = Release|Any CPU
	EndGlobalSection
	GlobalSection(SolutionProperties) = preSolution
		HideSolutionNode = FALSE
	EndGlobalSection
EndGlobal
